Microsoft Visual Studio Solution File, Format Version 12.00
# Visual Studio Version 17
VisualStudioVersion = 17.8.0.0
MinimumVisualStudioVersion = 17.8.0.0
Project("{9A19103F-16F7-4668-BE54-9A1E7A4F7556}") = "DA.AppHost", "DA.AppHost\DA.AppHost.csproj", "{D81B6E67-0E76-4698-8FFA-13F4ADE28911}"
EndProject
Project("{9A19103F-16F7-4668-BE54-9A1E7A4F7556}") = "DA.ServiceDefaults", "DA.ServiceDefaults\DA.ServiceDefaults.csproj", "{E8D335C8-ABB3-4617-BAA3-914593CF9224}"
EndProject
Global
	GlobalSection(SolutionConfigurationPlatforms) = preSolution
		Debug|Any CPU = Debug|Any CPU
		Release|Any CPU = Release|Any CPU
	EndGlobalSection
	GlobalSection(ProjectConfigurationPlatforms) = postSolution
		{D81B6E67-0E76-4698-8FFA-13F4ADE28911}.Debug|Any CPU.ActiveCfg = Debug|Any CPU
		{D81B6E67-0E76-4698-8FFA-13F4ADE28911}.Debug|Any CPU.Build.0 = Debug|Any CPU
		{D81B6E67-0E76-4698-8FFA-13F4ADE28911}.Release|Any CPU.ActiveCfg = Release|Any CPU
		{D81B6E67-0E76-4698-8FFA-13F4ADE28911}.Release|Any CPU.Build.0 = Release|Any CPU
		{E8D335C8-ABB3-4617-BAA3-914593CF9224}.Debug|Any CPU.ActiveCfg = Debug|Any CPU
		{E8D335C8-ABB3-4617-BAA3-914593CF9224}.Debug|Any CPU.Build.0 = Debug|Any CPU
		{E8D335C8-ABB3-4617-BAA3-914593CF9224}.Release|Any CPU.ActiveCfg = Release|Any CPU
		{E8D335C8-ABB3-4617-BAA3-914593CF9224}.Release|Any CPU.Build.0 = Release|Any CPU
	EndGlobalSection
	GlobalSection(SolutionProperties) = preSolution
		HideSolutionNode = FALSE
	EndGlobalSection
	GlobalSection(ExtensibilityGlobals) = postSolution
		SolutionGuid = {C82933A2-510B-4749-B5AF-E3D38538EDF0}
	EndGlobalSection
EndGlobal
